
Microsoft Visual Studio Solution File, Format Version 12.00
# Visual Studio Version 16
VisualStudioVersion = 16.0.30804.86
MinimumVisualStudioVersion = 10.0.40219.1
Project("{FAE04EC0-301F-11D3-BF4B-00C04F79EFBC}") = "Mizuk.Backlog4N", "Mizuk.Backlog4N\Mizuk.Backlog4N.csproj", "{02062042-31A2-4086-A9D9-95ACC44F1806}"
EndProject
Global
	GlobalSection(SolutionConfigurationPlatforms) = preSolution
		Debug|Any CPU = Debug|Any CPU
		Release|Any CPU = Release|Any CPU
	EndGlobalSection
	GlobalSection(ProjectConfigurationPlatforms) = postSolution
		{02062042-31A2-4086-A9D9-95ACC44F1806}.Debug|Any CPU.ActiveCfg = Debug|Any CPU
		{02062042-31A2-4086-A9D9-95ACC44F1806}.Debug|Any CPU.Build.0 = Debug|Any CPU
		{02062042-31A2-4086-A9D9-95ACC44F1806}.Release|Any CPU.ActiveCfg = Release|Any CPU
		{02062042-31A2-4086-A9D9-95ACC44F1806}.Release|Any CPU.Build.0 = Release|Any CPU
	EndGlobalSection
	GlobalSection(SolutionProperties) = preSolution
		HideSolutionNode = FALSE
	EndGlobalSection
	GlobalSection(ExtensibilityGlobals) = postSolution
		SolutionGuid = {6FCA88BB-9885-4F66-9F49-8FEC5F1FF8FE}
	EndGlobalSection
EndGlobal
